
Microsoft Visual Studio Solution File, Format Version 12.00
# Visual Studio Version 16
VisualStudioVersion = 16.0.30907.101
MinimumVisualStudioVersion = 10.0.40219.1
Project("{9A19103F-16F7-4668-BE54-9A1E7A4F7556}") = "EindCase.Api", "EindCase.Api\EindCase.Api.csproj", "{D7738B8F-7430-4D27-9860-226F06B25FB1}"
EndProject
Project("{FAE04EC0-301F-11D3-BF4B-00C04F79EFBC}") = "EindCase.DAL", "EindCase.DAL\EindCase.DAL.csproj", "{91D37C4F-1E61-4315-AF4F-1CFB07D2A01F}"
EndProject
Project("{FAE04EC0-301F-11D3-BF4B-00C04F79EFBC}") = "EindCase.Test", "EindCase.Test\EindCase.Test.csproj", "{9A2BEF31-2BC7-490F-A568-38C90E60E729}"
EndProject
Project("{FAE04EC0-301F-11D3-BF4B-00C04F79EFBC}") = "EindCase.Domain", "EindCase.Domain\EindCase.Domain.csproj", "{9B659E24-DE7B-4364-9FB1-EB3CAE662A52}"
EndProject
Global
	GlobalSection(SolutionConfigurationPlatforms) = preSolution
		Debug|Any CPU = Debug|Any CPU
		Release|Any CPU = Release|Any CPU
	EndGlobalSection
	GlobalSection(ProjectConfigurationPlatforms) = postSolution
		{D7738B8F-7430-4D27-9860-226F06B25FB1}.Debug|Any CPU.ActiveCfg = Debug|Any CPU
		{D7738B8F-7430-4D27-9860-226F06B25FB1}.Debug|Any CPU.Build.0 = Debug|Any CPU
		{D7738B8F-7430-4D27-9860-226F06B25FB1}.Release|Any CPU.ActiveCfg = Release|Any CPU
		{D7738B8F-7430-4D27-9860-226F06B25FB1}.Release|Any CPU.Build.0 = Release|Any CPU
		{91D37C4F-1E61-4315-AF4F-1CFB07D2A01F}.Debug|Any CPU.ActiveCfg = Debug|Any CPU
		{91D37C4F-1E61-4315-AF4F-1CFB07D2A01F}.Debug|Any CPU.Build.0 = Debug|Any CPU
		{91D37C4F-1E61-4315-AF4F-1CFB07D2A01F}.Release|Any CPU.ActiveCfg = Release|Any CPU
		{91D37C4F-1E61-4315-AF4F-1CFB07D2A01F}.Release|Any CPU.Build.0 = Release|Any CPU
		{9A2BEF31-2BC7-490F-A568-38C90E60E729}.Debug|Any CPU.ActiveCfg = Debug|Any CPU
		{9A2BEF31-2BC7-490F-A568-38C90E60E729}.Debug|Any CPU.Build.0 = Debug|Any CPU
		{9A2BEF31-2BC7-490F-A568-38C90E60E729}.Release|Any CPU.ActiveCfg = Release|Any CPU
		{9A2BEF31-2BC7-490F-A568-38C90E60E729}.Release|Any CPU.Build.0 = Release|Any CPU
		{9B659E24-DE7B-4364-9FB1-EB3CAE662A52}.Debug|Any CPU.ActiveCfg = Debug|Any CPU
		{9B659E24-DE7B-4364-9FB1-EB3CAE662A52}.Debug|Any CPU.Build.0 = Debug|Any CPU
		{9B659E24-DE7B-4364-9FB1-EB3CAE662A52}.Release|Any CPU.ActiveCfg = Release|Any CPU
		{9B659E24-DE7B-4364-9FB1-EB3CAE662A52}.Release|Any CPU.Build.0 = Release|Any CPU
	EndGlobalSection
	GlobalSection(SolutionProperties) = preSolution
		HideSolutionNode = FALSE
	EndGlobalSection
	GlobalSection(ExtensibilityGlobals) = postSolution
		SolutionGuid = {4CDF5C4D-583E-4973-9D34-2D73C75759A3}
	EndGlobalSection
EndGlobal
